
Microsoft Visual Studio Solution File, Format Version 12.00
# Visual Studio Version 17
VisualStudioVersion = 17.9.34728.123
MinimumVisualStudioVersion = 10.0.40219.1
Project("{FAE04EC0-301F-11D3-BF4B-00C04F79EFBC}") = "addFriend_FB", "addFriend_FB\addFriend_FB.csproj", "{69114EA3-AFBA-4A65-B688-17FA717B5963}"
EndProject
Project("{FAE04EC0-301F-11D3-BF4B-00C04F79EFBC}") = "AutoRegFB", "AutoRegFB\AutoRegFB.csproj", "{117088D8-DC41-4723-9A24-D46A518AADBD}"
EndProject
Project("{F184B08F-C81C-45F6-A57F-5ABD9991F28F}") = "Get ID From email ( Build For all user free )", "Get ID From email ( Build For all user free )\Get ID From email ( Build For all user free ).vbproj", "{809BB5D0-D023-4E61-913E-0C49C3207135}"
EndProject
Project("{FAE04EC0-301F-11D3-BF4B-00C04F79EFBC}") = "MMOApp.FB", "MMOApp.FB\MMOApp.FB.csproj", "{8F6333C1-6781-4A2D-98A3-3741FA887F72}"
EndProject
Project("{FAE04EC0-301F-11D3-BF4B-00C04F79EFBC}") = "reg..dcom.driver", "reg..dcom.driver\reg..dcom.driver.csproj", "{05EA8501-B4A7-4C26-9A11-25D8C6C4F368}"
EndProject
Project("{FAE04EC0-301F-11D3-BF4B-00C04F79EFBC}") = "regmail", "regmail\regmail.csproj", "{7F914F71-75C6-4B1A-96AA-E31C0D145130}"
EndProject
Project("{FAE04EC0-301F-11D3-BF4B-00C04F79EFBC}") = "ToolRegFB", "ToolRegFB\ToolRegFB.csproj", "{AA3D3B3F-4A25-47AC-84B3-6A9AE185AAB7}"
EndProject
Project("{FAE04EC0-301F-11D3-BF4B-00C04F79EFBC}") = "createAccount", "createAccount\createAccount.csproj", "{24CF7A01-F30A-4DA9-A8BE-C63D052B0A25}"
EndProject
Project("{FAE04EC0-301F-11D3-BF4B-00C04F79EFBC}") = "fosterAccount", "fosterAccount\fosterAccount.csproj", "{E3CC6E60-5ECD-44C5-95B5-2006C62F7F72}"
EndProject
Project("{FAE04EC0-301F-11D3-BF4B-00C04F79EFBC}") = "CreateAccountsProject", "CreateAccountsFacebook\CreateAccountsProject.csproj", "{62F8C37C-414D-488B-8AA0-1C69D2BF184E}"
EndProject
Global
	GlobalSection(SolutionConfigurationPlatforms) = preSolution
		Debug|Any CPU = Debug|Any CPU
		Debug|x64 = Debug|x64
		Debug|x86 = Debug|x86
		Release|Any CPU = Release|Any CPU
		Release|x64 = Release|x64
		Release|x86 = Release|x86
	EndGlobalSection
	GlobalSection(ProjectConfigurationPlatforms) = postSolution
		{69114EA3-AFBA-4A65-B688-17FA717B5963}.Debug|Any CPU.ActiveCfg = Debug|Any CPU
		{69114EA3-AFBA-4A65-B688-17FA717B5963}.Debug|Any CPU.Build.0 = Debug|Any CPU
		{69114EA3-AFBA-4A65-B688-17FA717B5963}.Debug|x64.ActiveCfg = Debug|Any CPU
		{69114EA3-AFBA-4A65-B688-17FA717B5963}.Debug|x64.Build.0 = Debug|Any CPU
		{69114EA3-AFBA-4A65-B688-17FA717B5963}.Debug|x86.ActiveCfg = Debug|Any CPU
		{69114EA3-AFBA-4A65-B688-17FA717B5963}.Debug|x86.Build.0 = Debug|Any CPU
		{69114EA3-AFBA-4A65-B688-17FA717B5963}.Release|Any CPU.ActiveCfg = Release|Any CPU
		{69114EA3-AFBA-4A65-B688-17FA717B5963}.Release|Any CPU.Build.0 = Release|Any CPU
		{69114EA3-AFBA-4A65-B688-17FA717B5963}.Release|x64.ActiveCfg = Release|Any CPU
		{69114EA3-AFBA-4A65-B688-17FA717B5963}.Release|x64.Build.0 = Release|Any CPU
		{69114EA3-AFBA-4A65-B688-17FA717B5963}.Release|x86.ActiveCfg = Release|Any CPU
		{69114EA3-AFBA-4A65-B688-17FA717B5963}.Release|x86.Build.0 = Release|Any CPU
		{117088D8-DC41-4723-9A24-D46A518AADBD}.Debug|Any CPU.ActiveCfg = Debug|Any CPU
		{117088D8-DC41-4723-9A24-D46A518AADBD}.Debug|Any CPU.Build.0 = Debug|Any CPU
		{117088D8-DC41-4723-9A24-D46A518AADBD}.Debug|x64.ActiveCfg = Debug|x64
		{117088D8-DC41-4723-9A24-D46A518AADBD}.Debug|x64.Build.0 = Debug|x64
		{117088D8-DC41-4723-9A24-D46A518AADBD}.Debug|x86.ActiveCfg = Debug|x86
		{117088D8-DC41-4723-9A24-D46A518AADBD}.Debug|x86.Build.0 = Debug|x86
		{117088D8-DC41-4723-9A24-D46A518AADBD}.Release|Any CPU.ActiveCfg = Release|Any CPU
		{117088D8-DC41-4723-9A24-D46A518AADBD}.Release|Any CPU.Build.0 = Release|Any CPU
		{117088D8-DC41-4723-9A24-D46A518AADBD}.Release|x64.ActiveCfg = Release|x64
		{117088D8-DC41-4723-9A24-D46A518AADBD}.Release|x64.Build.0 = Release|x64
		{117088D8-DC41-4723-9A24-D46A518AADBD}.Release|x86.ActiveCfg = Release|x86
		{117088D8-DC41-4723-9A24-D46A518AADBD}.Release|x86.Build.0 = Release|x86
		{809BB5D0-D023-4E61-913E-0C49C3207135}.Debug|Any CPU.ActiveCfg = Debug|Any CPU
		{809BB5D0-D023-4E61-913E-0C49C3207135}.Debug|Any CPU.Build.0 = Debug|Any CPU
		{809BB5D0-D023-4E61-913E-0C49C3207135}.Debug|x64.ActiveCfg = Debug|Any CPU
		{809BB5D0-D023-4E61-913E-0C49C3207135}.Debug|x64.Build.0 = Debug|Any CPU
		{809BB5D0-D023-4E61-913E-0C49C3207135}.Debug|x86.ActiveCfg = Debug|Any CPU
		{809BB5D0-D023-4E61-913E-0C49C3207135}.Debug|x86.Build.0 = Debug|Any CPU
		{809BB5D0-D023-4E61-913E-0C49C3207135}.Release|Any CPU.ActiveCfg = Release|Any CPU
		{809BB5D0-D023-4E61-913E-0C49C3207135}.Release|Any CPU.Build.0 = Release|Any CPU
		{809BB5D0-D023-4E61-913E-0C49C3207135}.Release|x64.ActiveCfg = Release|Any CPU
		{809BB5D0-D023-4E61-913E-0C49C3207135}.Release|x64.Build.0 = Release|Any CPU
		{809BB5D0-D023-4E61-913E-0C49C3207135}.Release|x86.ActiveCfg = Release|Any CPU
		{809BB5D0-D023-4E61-913E-0C49C3207135}.Release|x86.Build.0 = Release|Any CPU
		{8F6333C1-6781-4A2D-98A3-3741FA887F72}.Debug|Any CPU.ActiveCfg = Debug|Any CPU
		{8F6333C1-6781-4A2D-98A3-3741FA887F72}.Debug|Any CPU.Build.0 = Debug|Any CPU
		{8F6333C1-6781-4A2D-98A3-3741FA887F72}.Debug|x64.ActiveCfg = Debug|Any CPU
		{8F6333C1-6781-4A2D-98A3-3741FA887F72}.Debug|x64.Build.0 = Debug|Any CPU
		{8F6333C1-6781-4A2D-98A3-3741FA887F72}.Debug|x86.ActiveCfg = Debug|Any CPU
		{8F6333C1-6781-4A2D-98A3-3741FA887F72}.Debug|x86.Build.0 = Debug|Any CPU
		{8F6333C1-6781-4A2D-98A3-3741FA887F72}.Release|Any CPU.ActiveCfg = Release|Any CPU
		{8F6333C1-6781-4A2D-98A3-3741FA887F72}.Release|Any CPU.Build.0 = Release|Any CPU
		{8F6333C1-6781-4A2D-98A3-3741FA887F72}.Release|x64.ActiveCfg = Release|Any CPU
		{8F6333C1-6781-4A2D-98A3-3741FA887F72}.Release|x64.Build.0 = Release|Any CPU
		{8F6333C1-6781-4A2D-98A3-3741FA887F72}.Release|x86.ActiveCfg = Release|Any CPU
		{8F6333C1-6781-4A2D-98A3-3741FA887F72}.Release|x86.Build.0 = Release|Any CPU
		{05EA8501-B4A7-4C26-9A11-25D8C6C4F368}.Debug|Any CPU.ActiveCfg = Debug|Any CPU
		{05EA8501-B4A7-4C26-9A11-25D8C6C4F368}.Debug|Any CPU.Build.0 = Debug|Any CPU
		{05EA8501-B4A7-4C26-9A11-25D8C6C4F368}.Debug|x64.ActiveCfg = Debug|Any CPU
		{05EA8501-B4A7-4C26-9A11-25D8C6C4F368}.Debug|x64.Build.0 = Debug|Any CPU
		{05EA8501-B4A7-4C26-9A11-25D8C6C4F368}.Debug|x86.ActiveCfg = Debug|Any CPU
		{05EA8501-B4A7-4C26-9A11-25D8C6C4F368}.Debug|x86.Build.0 = Debug|Any CPU
		{05EA8501-B4A7-4C26-9A11-25D8C6C4F368}.Release|Any CPU.ActiveCfg = Release|Any CPU
		{05EA8501-B4A7-4C26-9A11-25D8C6C4F368}.Release|Any CPU.Build.0 = Release|Any CPU
		{05EA8501-B4A7-4C26-9A11-25D8C6C4F368}.Release|x64.ActiveCfg = Release|Any CPU
		{05EA8501-B4A7-4C26-9A11-25D8C6C4F368}.Release|x64.Build.0 = Release|Any CPU
		{05EA8501-B4A7-4C26-9A11-25D8C6C4F368}.Release|x86.ActiveCfg = Release|Any CPU
		{05EA8501-B4A7-4C26-9A11-25D8C6C4F368}.Release|x86.Build.0 = Release|Any CPU
		{7F914F71-75C6-4B1A-96AA-E31C0D145130}.Debug|Any CPU.ActiveCfg = Debug|Any CPU
		{7F914F71-75C6-4B1A-96AA-E31C0D145130}.Debug|Any CPU.Build.0 = Debug|Any CPU
		{7F914F71-75C6-4B1A-96AA-E31C0D145130}.Debug|x64.ActiveCfg = Debug|Any CPU
		{7F914F71-75C6-4B1A-96AA-E31C0D145130}.Debug|x64.Build.0 = Debug|Any CPU
		{7F914F71-75C6-4B1A-96AA-E31C0D145130}.Debug|x86.ActiveCfg = Debug|Any CPU
		{7F914F71-75C6-4B1A-96AA-E31C0D145130}.Debug|x86.Build.0 = Debug|Any CPU
		{7F914F71-75C6-4B1A-96AA-E31C0D145130}.Release|Any CPU.ActiveCfg = Release|Any CPU
		{7F914F71-75C6-4B1A-96AA-E31C0D145130}.Release|Any CPU.Build.0 = Release|Any CPU
		{7F914F71-75C6-4B1A-96AA-E31C0D145130}.Release|x64.ActiveCfg = Release|Any CPU
		{7F914F71-75C6-4B1A-96AA-E31C0D145130}.Release|x64.Build.0 = Release|Any CPU
		{7F914F71-75C6-4B1A-96AA-E31C0D145130}.Release|x86.ActiveCfg = Release|Any CPU
		{7F914F71-75C6-4B1A-96AA-E31C0D145130}.Release|x86.Build.0 = Release|Any CPU
		{AA3D3B3F-4A25-47AC-84B3-6A9AE185AAB7}.Debug|Any CPU.ActiveCfg = Debug|Any CPU
		{AA3D3B3F-4A25-47AC-84B3-6A9AE185AAB7}.Debug|Any CPU.Build.0 = Debug|Any CPU
		{AA3D3B3F-4A25-47AC-84B3-6A9AE185AAB7}.Debug|x64.ActiveCfg = Debug|Any CPU
		{AA3D3B3F-4A25-47AC-84B3-6A9AE185AAB7}.Debug|x64.Build.0 = Debug|Any CPU
		{AA3D3B3F-4A25-47AC-84B3-6A9AE185AAB7}.Debug|x86.ActiveCfg = Debug|Any CPU
		{AA3D3B3F-4A25-47AC-84B3-6A9AE185AAB7}.Debug|x86.Build.0 = Debug|Any CPU
		{AA3D3B3F-4A25-47AC-84B3-6A9AE185AAB7}.Release|Any CPU.ActiveCfg = Release|Any CPU
		{AA3D3B3F-4A25-47AC-84B3-6A9AE185AAB7}.Release|Any CPU.Build.0 = Release|Any CPU
		{AA3D3B3F-4A25-47AC-84B3-6A9AE185AAB7}.Release|x64.ActiveCfg = Release|Any CPU
		{AA3D3B3F-4A25-47AC-84B3-6A9AE185AAB7}.Release|x64.Build.0 = Release|Any CPU
		{AA3D3B3F-4A25-47AC-84B3-6A9AE185AAB7}.Release|x86.ActiveCfg = Release|Any CPU
		{AA3D3B3F-4A25-47AC-84B3-6A9AE185AAB7}.Release|x86.Build.0 = Release|Any CPU
		{24CF7A01-F30A-4DA9-A8BE-C63D052B0A25}.Debug|Any CPU.ActiveCfg = Debug|Any CPU
		{24CF7A01-F30A-4DA9-A8BE-C63D052B0A25}.Debug|Any CPU.Build.0 = Debug|Any CPU
		{24CF7A01-F30A-4DA9-A8BE-C63D052B0A25}.Debug|x64.ActiveCfg = Debug|Any CPU
		{24CF7A01-F30A-4DA9-A8BE-C63D052B0A25}.Debug|x64.Build.0 = Debug|Any CPU
		{24CF7A01-F30A-4DA9-A8BE-C63D052B0A25}.Debug|x86.ActiveCfg = Debug|Any CPU
		{24CF7A01-F30A-4DA9-A8BE-C63D052B0A25}.Debug|x86.Build.0 = Debug|Any CPU
		{24CF7A01-F30A-4DA9-A8BE-C63D052B0A25}.Release|Any CPU.ActiveCfg = Release|Any CPU
		{24CF7A01-F30A-4DA9-A8BE-C63D052B0A25}.Release|Any CPU.Build.0 = Release|Any CPU
		{24CF7A01-F30A-4DA9-A8BE-C63D052B0A25}.Release|x64.ActiveCfg = Release|Any CPU
		{24CF7A01-F30A-4DA9-A8BE-C63D052B0A25}.Release|x64.Build.0 = Release|Any CPU
		{24CF7A01-F30A-4DA9-A8BE-C63D052B0A25}.Release|x86.ActiveCfg = Release|Any CPU
		{24CF7A01-F30A-4DA9-A8BE-C63D052B0A25}.Release|x86.Build.0 = Release|Any CPU
		{E3CC6E60-5ECD-44C5-95B5-2006C62F7F72}.Debug|Any CPU.ActiveCfg = Debug|Any CPU
		{E3CC6E60-5ECD-44C5-95B5-2006C62F7F72}.Debug|Any CPU.Build.0 = Debug|Any CPU
		{E3CC6E60-5ECD-44C5-95B5-2006C62F7F72}.Debug|x64.ActiveCfg = Debug|Any CPU
		{E3CC6E60-5ECD-44C5-95B5-2006C62F7F72}.Debug|x64.Build.0 = Debug|Any CPU
		{E3CC6E60-5ECD-44C5-95B5-2006C62F7F72}.Debug|x86.ActiveCfg = Debug|Any CPU
		{E3CC6E60-5ECD-44C5-95B5-2006C62F7F72}.Debug|x86.Build.0 = Debug|Any CPU
		{E3CC6E60-5ECD-44C5-95B5-2006C62F7F72}.Release|Any CPU.ActiveCfg = Release|Any CPU
		{E3CC6E60-5ECD-44C5-95B5-2006C62F7F72}.Release|Any CPU.Build.0 = Release|Any CPU
		{E3CC6E60-5ECD-44C5-95B5-2006C62F7F72}.Release|x64.ActiveCfg = Release|Any CPU
		{E3CC6E60-5ECD-44C5-95B5-2006C62F7F72}.Release|x64.Build.0 = Release|Any CPU
		{E3CC6E60-5ECD-44C5-95B5-2006C62F7F72}.Release|x86.ActiveCfg = Release|Any CPU
		{E3CC6E60-5ECD-44C5-95B5-2006C62F7F72}.Release|x86.Build.0 = Release|Any CPU
		{62F8C37C-414D-488B-8AA0-1C69D2BF184E}.Debug|Any CPU.ActiveCfg = Debug|Any CPU
		{62F8C37C-414D-488B-8AA0-1C69D2BF184E}.Debug|Any CPU.Build.0 = Debug|Any CPU
		{62F8C37C-414D-488B-8AA0-1C69D2BF184E}.Debug|x64.ActiveCfg = Debug|Any CPU
		{62F8C37C-414D-488B-8AA0-1C69D2BF184E}.Debug|x64.Build.0 = Debug|Any CPU
		{62F8C37C-414D-488B-8AA0-1C69D2BF184E}.Debug|x86.ActiveCfg = Debug|Any CPU
		{62F8C37C-414D-488B-8AA0-1C69D2BF184E}.Debug|x86.Build.0 = Debug|Any CPU
		{62F8C37C-414D-488B-8AA0-1C69D2BF184E}.Release|Any CPU.ActiveCfg = Release|Any CPU
		{62F8C37C-414D-488B-8AA0-1C69D2BF184E}.Release|Any CPU.Build.0 = Release|Any CPU
		{62F8C37C-414D-488B-8AA0-1C69D2BF184E}.Release|x64.ActiveCfg = Release|Any CPU
		{62F8C37C-414D-488B-8AA0-1C69D2BF184E}.Release|x64.Build.0 = Release|Any CPU
		{62F8C37C-414D-488B-8AA0-1C69D2BF184E}.Release|x86.ActiveCfg = Release|Any CPU
		{62F8C37C-414D-488B-8AA0-1C69D2BF184E}.Release|x86.Build.0 = Release|Any CPU
	EndGlobalSection
	GlobalSection(SolutionProperties) = preSolution
		HideSolutionNode = FALSE
	EndGlobalSection
	GlobalSection(ExtensibilityGlobals) = postSolution
		SolutionGuid = {B9945AD3-274D-4846-A492-076CDDDE1508}
	EndGlobalSection
EndGlobal
